# generated by rye
# use `rye lock` or `rye sync` to update this lockfile
#
# last locked with the following flags:
#   pre: false
#   features: []
#   all-features: false
#   with-sources: false
#   generate-hashes: false
#   universal: true

-e file:.
aiohappyeyeballs==2.4.0
    # via aiohttp
aiohttp==3.10.5
    # via sqlitedb-map-tools
aiosignal==1.3.1
    # via aiohttp
async-timeout==4.0.3 ; python_version < '3.11'
    # via aiohttp
attrs==24.2.0
    # via aiohttp
certifi==2024.8.30
    # via requests
charset-normalizer==3.3.2
    # via requests
click==8.1.7
    # via click-help-colors
    # via sqlitedb-map-tools
click-help-colors==0.9.4
    # via sqlitedb-map-tools
colorama==0.4.6 ; platform_system == 'Windows'
    # via click
    # via tqdm
frozenlist==1.4.1
    # via aiohttp
    # via aiosignal
idna==3.8
    # via requests
    # via yarl
multidict==6.0.5
    # via aiohttp
    # via yarl
pillow==10.4.0
    # via sqlitedb-map-tools
requests==2.32.3
    # via sqlitedb-map-tools
tqdm==4.66.5
    # via sqlitedb-map-tools
urllib3==2.2.2
    # via requests
yarl==1.9.4
    # via aiohttp
